
Microsoft Visual Studio Solution File, Format Version 12.00
# Visual Studio Version 16
VisualStudioVersion = 16.0.29806.167
MinimumVisualStudioVersion = 10.0.40219.1
Project("{9A19103F-16F7-4668-BE54-9A1E7A4F7556}") = "ManagementWebApi", "ManagementWebApi\ManagementWebApi.csproj", "{10C32448-664E-4BA7-947E-53D708538CBB}"
EndProject
Project("{FAE04EC0-301F-11D3-BF4B-00C04F79EFBC}") = "AuthWebApi", "AuthWebApi\AuthWebApi.csproj", "{65B33C35-DDD2-41FC-9753-9D5FB2B275CF}"
EndProject
Project("{FAE04EC0-301F-11D3-BF4B-00C04F79EFBC}") = "WebApiSharedParts", "WebApiSharedParts\WebApiSharedParts.csproj", "{4A433419-6BB2-4DC1-B63C-70F2B4E3DB4C}"
EndProject
Global
	GlobalSection(SolutionConfigurationPlatforms) = preSolution
		Debug|Any CPU = Debug|Any CPU
		Release|Any CPU = Release|Any CPU
	EndGlobalSection
	GlobalSection(ProjectConfigurationPlatforms) = postSolution
		{10C32448-664E-4BA7-947E-53D708538CBB}.Debug|Any CPU.ActiveCfg = Debug|Any CPU
		{10C32448-664E-4BA7-947E-53D708538CBB}.Debug|Any CPU.Build.0 = Debug|Any CPU
		{10C32448-664E-4BA7-947E-53D708538CBB}.Release|Any CPU.ActiveCfg = Release|Any CPU
		{10C32448-664E-4BA7-947E-53D708538CBB}.Release|Any CPU.Build.0 = Release|Any CPU
		{65B33C35-DDD2-41FC-9753-9D5FB2B275CF}.Debug|Any CPU.ActiveCfg = Debug|Any CPU
		{65B33C35-DDD2-41FC-9753-9D5FB2B275CF}.Debug|Any CPU.Build.0 = Debug|Any CPU
		{65B33C35-DDD2-41FC-9753-9D5FB2B275CF}.Release|Any CPU.ActiveCfg = Release|Any CPU
		{65B33C35-DDD2-41FC-9753-9D5FB2B275CF}.Release|Any CPU.Build.0 = Release|Any CPU
		{4A433419-6BB2-4DC1-B63C-70F2B4E3DB4C}.Debug|Any CPU.ActiveCfg = Debug|Any CPU
		{4A433419-6BB2-4DC1-B63C-70F2B4E3DB4C}.Debug|Any CPU.Build.0 = Debug|Any CPU
		{4A433419-6BB2-4DC1-B63C-70F2B4E3DB4C}.Release|Any CPU.ActiveCfg = Release|Any CPU
		{4A433419-6BB2-4DC1-B63C-70F2B4E3DB4C}.Release|Any CPU.Build.0 = Release|Any CPU
	EndGlobalSection
	GlobalSection(SolutionProperties) = preSolution
		HideSolutionNode = FALSE
	EndGlobalSection
	GlobalSection(ExtensibilityGlobals) = postSolution
		SolutionGuid = {67C543B9-013F-4C74-A566-B812C07DCB68}
	EndGlobalSection
EndGlobal
